
Microsoft Visual Studio Solution File, Format Version 12.00
# Visual Studio Version 17
VisualStudioVersion = 17.0.31903.59
MinimumVisualStudioVersion = 10.0.40219.1
Project("{2150E333-8FDC-42A3-9474-1A3956D46DE8}") = "src", "src", "{10CB56E4-BD7C-4CE9-AD26-68D2FDE5009D}"
EndProject
Project("{2150E333-8FDC-42A3-9474-1A3956D46DE8}") = "Services", "Services", "{C69C24E5-D0D1-4FFF-82FC-0F01D8EDAD6C}"
EndProject
Project("{2150E333-8FDC-42A3-9474-1A3956D46DE8}") = "Identity", "Identity", "{266E4D27-5497-4BAE-B4BE-D9D2E12E7E34}"
EndProject
Project("{9A19103F-16F7-4668-BE54-9A1E7A4F7556}") = "Identity.API", "Services\Identity\Identity.API.csproj", "{25E2BBE5-F90A-49EE-A1F1-5233838DB4AE}"
EndProject
Project("{2150E333-8FDC-42A3-9474-1A3956D46DE8}") = "Configuration", "Configuration", "{F576CA6E-4D42-44DF-849B-02F70571160D}"
EndProject
Project("{2150E333-8FDC-42A3-9474-1A3956D46DE8}") = "Core", "Core", "{CAD420DE-71B6-4AAE-926A-03AE5E81B0D9}"
EndProject
Project("{9A19103F-16F7-4668-BE54-9A1E7A4F7556}") = "Configuration.Domain", "Services\Configuration\Configuration.Domain\Configuration.Domain.csproj", "{0051CC9D-C619-4A41-B6FC-C3D73052EA93}"
EndProject
Project("{9A19103F-16F7-4668-BE54-9A1E7A4F7556}") = "Configuration.API", "Services\Configuration\Configuration.API\Configuration.API.csproj", "{67AAB582-9AFB-49E7-9AA7-288F671B0179}"
EndProject
Project("{9A19103F-16F7-4668-BE54-9A1E7A4F7556}") = "Core", "Services\Core\Core.csproj", "{09A4EE77-185E-414D-B848-16196C34DCB0}"
EndProject
Project("{9A19103F-16F7-4668-BE54-9A1E7A4F7556}") = "Configuration.Application", "Services\Configuration\Configuration.Application\Configuration.Application\Configuration.Application.csproj", "{035902F7-8A0B-476B-84B5-57BB7A22305B}"
EndProject
Project("{9A19103F-16F7-4668-BE54-9A1E7A4F7556}") = "Configuration.Infrastructure", "Services\Configuration\Configurarion.Infrastructure\Configuration.Infrastructure.csproj", "{1E20079D-E87C-4409-A542-E8ABC71927BE}"
EndProject
Project("{2150E333-8FDC-42A3-9474-1A3956D46DE8}") = "Inbound", "Inbound", "{88AD1AE4-7457-4876-A337-7C15A62CD0C7}"
EndProject
Project("{9A19103F-16F7-4668-BE54-9A1E7A4F7556}") = "Inbound.API", "Services\InbounOrder\Inbound.API\Inbound.API.csproj", "{BC796B37-1FFF-44F0-A4AA-6F40016B6C8D}"
EndProject
Project("{9A19103F-16F7-4668-BE54-9A1E7A4F7556}") = "Inbound.Application", "Services\InbounOrder\Inbound.Application\Inbound.Application.csproj", "{6E70B9FF-968F-492E-84C0-C08023279B3F}"
EndProject
Project("{9A19103F-16F7-4668-BE54-9A1E7A4F7556}") = "Inbound.Domain", "Services\InbounOrder\Inbound.Domain\Inbound.Domain.csproj", "{D732EDB5-A742-436F-A4F2-138324D91B1C}"
EndProject
Project("{9A19103F-16F7-4668-BE54-9A1E7A4F7556}") = "Inbound.Infrastructure", "Services\InbounOrder\Inbound.Infrastructure\Inbound.Infrastructure.csproj", "{732DA3DE-1E1A-42DB-8703-884D06C201E5}"
EndProject
Project("{2150E333-8FDC-42A3-9474-1A3956D46DE8}") = "Material", "Material", "{88426D4A-A482-4A9D-BD2D-457BE05DF45C}"
EndProject
Project("{FAE04EC0-301F-11D3-BF4B-00C04F79EFBC}") = "Material.API", "Services\Material\Material.API\Material.API.csproj", "{1D2AED6A-7AD5-4284-B794-C4E8A2E73E6A}"
EndProject
Project("{FAE04EC0-301F-11D3-BF4B-00C04F79EFBC}") = "Material.Application", "Services\Material\Material.Application\Material.Application.csproj", "{6EC824BC-7CA4-4DA3-851B-AD5F1687FAAE}"
EndProject
Project("{FAE04EC0-301F-11D3-BF4B-00C04F79EFBC}") = "Material.Domain", "Services\Material\Material.Domain\Material.Domain.csproj", "{5E8085C2-6003-4AD8-B0A5-7EAF74139DA6}"
EndProject
Project("{FAE04EC0-301F-11D3-BF4B-00C04F79EFBC}") = "Material.Infrastructure", "Services\Material\Material.Infrastructure\Material.Infrastructure.csproj", "{07467A27-360F-4FC5-BB93-404924411B60}"
EndProject
Global
	GlobalSection(SolutionConfigurationPlatforms) = preSolution
		Debug|Any CPU = Debug|Any CPU
		Release|Any CPU = Release|Any CPU
	EndGlobalSection
	GlobalSection(ProjectConfigurationPlatforms) = postSolution
		{25E2BBE5-F90A-49EE-A1F1-5233838DB4AE}.Debug|Any CPU.ActiveCfg = Debug|Any CPU
		{25E2BBE5-F90A-49EE-A1F1-5233838DB4AE}.Debug|Any CPU.Build.0 = Debug|Any CPU
		{25E2BBE5-F90A-49EE-A1F1-5233838DB4AE}.Release|Any CPU.ActiveCfg = Release|Any CPU
		{25E2BBE5-F90A-49EE-A1F1-5233838DB4AE}.Release|Any CPU.Build.0 = Release|Any CPU
		{0051CC9D-C619-4A41-B6FC-C3D73052EA93}.Debug|Any CPU.ActiveCfg = Debug|Any CPU
		{0051CC9D-C619-4A41-B6FC-C3D73052EA93}.Debug|Any CPU.Build.0 = Debug|Any CPU
		{0051CC9D-C619-4A41-B6FC-C3D73052EA93}.Release|Any CPU.ActiveCfg = Release|Any CPU
		{0051CC9D-C619-4A41-B6FC-C3D73052EA93}.Release|Any CPU.Build.0 = Release|Any CPU
		{67AAB582-9AFB-49E7-9AA7-288F671B0179}.Debug|Any CPU.ActiveCfg = Debug|Any CPU
		{67AAB582-9AFB-49E7-9AA7-288F671B0179}.Debug|Any CPU.Build.0 = Debug|Any CPU
		{67AAB582-9AFB-49E7-9AA7-288F671B0179}.Release|Any CPU.ActiveCfg = Release|Any CPU
		{67AAB582-9AFB-49E7-9AA7-288F671B0179}.Release|Any CPU.Build.0 = Release|Any CPU
		{09A4EE77-185E-414D-B848-16196C34DCB0}.Debug|Any CPU.ActiveCfg = Debug|Any CPU
		{09A4EE77-185E-414D-B848-16196C34DCB0}.Debug|Any CPU.Build.0 = Debug|Any CPU
		{09A4EE77-185E-414D-B848-16196C34DCB0}.Release|Any CPU.ActiveCfg = Release|Any CPU
		{09A4EE77-185E-414D-B848-16196C34DCB0}.Release|Any CPU.Build.0 = Release|Any CPU
		{035902F7-8A0B-476B-84B5-57BB7A22305B}.Debug|Any CPU.ActiveCfg = Debug|Any CPU
		{035902F7-8A0B-476B-84B5-57BB7A22305B}.Debug|Any CPU.Build.0 = Debug|Any CPU
		{035902F7-8A0B-476B-84B5-57BB7A22305B}.Release|Any CPU.ActiveCfg = Release|Any CPU
		{035902F7-8A0B-476B-84B5-57BB7A22305B}.Release|Any CPU.Build.0 = Release|Any CPU
		{1E20079D-E87C-4409-A542-E8ABC71927BE}.Debug|Any CPU.ActiveCfg = Debug|Any CPU
		{1E20079D-E87C-4409-A542-E8ABC71927BE}.Debug|Any CPU.Build.0 = Debug|Any CPU
		{1E20079D-E87C-4409-A542-E8ABC71927BE}.Release|Any CPU.ActiveCfg = Release|Any CPU
		{1E20079D-E87C-4409-A542-E8ABC71927BE}.Release|Any CPU.Build.0 = Release|Any CPU
		{BC796B37-1FFF-44F0-A4AA-6F40016B6C8D}.Debug|Any CPU.ActiveCfg = Debug|Any CPU
		{BC796B37-1FFF-44F0-A4AA-6F40016B6C8D}.Debug|Any CPU.Build.0 = Debug|Any CPU
		{BC796B37-1FFF-44F0-A4AA-6F40016B6C8D}.Release|Any CPU.ActiveCfg = Release|Any CPU
		{BC796B37-1FFF-44F0-A4AA-6F40016B6C8D}.Release|Any CPU.Build.0 = Release|Any CPU
		{6E70B9FF-968F-492E-84C0-C08023279B3F}.Debug|Any CPU.ActiveCfg = Debug|Any CPU
		{6E70B9FF-968F-492E-84C0-C08023279B3F}.Debug|Any CPU.Build.0 = Debug|Any CPU
		{6E70B9FF-968F-492E-84C0-C08023279B3F}.Release|Any CPU.ActiveCfg = Release|Any CPU
		{6E70B9FF-968F-492E-84C0-C08023279B3F}.Release|Any CPU.Build.0 = Release|Any CPU
		{D732EDB5-A742-436F-A4F2-138324D91B1C}.Debug|Any CPU.ActiveCfg = Debug|Any CPU
		{D732EDB5-A742-436F-A4F2-138324D91B1C}.Debug|Any CPU.Build.0 = Debug|Any CPU
		{D732EDB5-A742-436F-A4F2-138324D91B1C}.Release|Any CPU.ActiveCfg = Release|Any CPU
		{D732EDB5-A742-436F-A4F2-138324D91B1C}.Release|Any CPU.Build.0 = Release|Any CPU
		{732DA3DE-1E1A-42DB-8703-884D06C201E5}.Debug|Any CPU.ActiveCfg = Debug|Any CPU
		{732DA3DE-1E1A-42DB-8703-884D06C201E5}.Debug|Any CPU.Build.0 = Debug|Any CPU
		{732DA3DE-1E1A-42DB-8703-884D06C201E5}.Release|Any CPU.ActiveCfg = Release|Any CPU
		{732DA3DE-1E1A-42DB-8703-884D06C201E5}.Release|Any CPU.Build.0 = Release|Any CPU
		{1D2AED6A-7AD5-4284-B794-C4E8A2E73E6A}.Debug|Any CPU.ActiveCfg = Debug|Any CPU
		{1D2AED6A-7AD5-4284-B794-C4E8A2E73E6A}.Debug|Any CPU.Build.0 = Debug|Any CPU
		{1D2AED6A-7AD5-4284-B794-C4E8A2E73E6A}.Release|Any CPU.ActiveCfg = Release|Any CPU
		{1D2AED6A-7AD5-4284-B794-C4E8A2E73E6A}.Release|Any CPU.Build.0 = Release|Any CPU
		{6EC824BC-7CA4-4DA3-851B-AD5F1687FAAE}.Debug|Any CPU.ActiveCfg = Debug|Any CPU
		{6EC824BC-7CA4-4DA3-851B-AD5F1687FAAE}.Debug|Any CPU.Build.0 = Debug|Any CPU
		{6EC824BC-7CA4-4DA3-851B-AD5F1687FAAE}.Release|Any CPU.ActiveCfg = Release|Any CPU
		{6EC824BC-7CA4-4DA3-851B-AD5F1687FAAE}.Release|Any CPU.Build.0 = Release|Any CPU
		{5E8085C2-6003-4AD8-B0A5-7EAF74139DA6}.Debug|Any CPU.ActiveCfg = Debug|Any CPU
		{5E8085C2-6003-4AD8-B0A5-7EAF74139DA6}.Debug|Any CPU.Build.0 = Debug|Any CPU
		{5E8085C2-6003-4AD8-B0A5-7EAF74139DA6}.Release|Any CPU.ActiveCfg = Release|Any CPU
		{5E8085C2-6003-4AD8-B0A5-7EAF74139DA6}.Release|Any CPU.Build.0 = Release|Any CPU
		{07467A27-360F-4FC5-BB93-404924411B60}.Debug|Any CPU.ActiveCfg = Debug|Any CPU
		{07467A27-360F-4FC5-BB93-404924411B60}.Debug|Any CPU.Build.0 = Debug|Any CPU
		{07467A27-360F-4FC5-BB93-404924411B60}.Release|Any CPU.ActiveCfg = Release|Any CPU
		{07467A27-360F-4FC5-BB93-404924411B60}.Release|Any CPU.Build.0 = Release|Any CPU
	EndGlobalSection
	GlobalSection(SolutionProperties) = preSolution
		HideSolutionNode = FALSE
	EndGlobalSection
	GlobalSection(NestedProjects) = preSolution
		{C69C24E5-D0D1-4FFF-82FC-0F01D8EDAD6C} = {10CB56E4-BD7C-4CE9-AD26-68D2FDE5009D}
		{266E4D27-5497-4BAE-B4BE-D9D2E12E7E34} = {C69C24E5-D0D1-4FFF-82FC-0F01D8EDAD6C}
		{25E2BBE5-F90A-49EE-A1F1-5233838DB4AE} = {266E4D27-5497-4BAE-B4BE-D9D2E12E7E34}
		{F576CA6E-4D42-44DF-849B-02F70571160D} = {C69C24E5-D0D1-4FFF-82FC-0F01D8EDAD6C}
		{CAD420DE-71B6-4AAE-926A-03AE5E81B0D9} = {C69C24E5-D0D1-4FFF-82FC-0F01D8EDAD6C}
		{0051CC9D-C619-4A41-B6FC-C3D73052EA93} = {F576CA6E-4D42-44DF-849B-02F70571160D}
		{67AAB582-9AFB-49E7-9AA7-288F671B0179} = {F576CA6E-4D42-44DF-849B-02F70571160D}
		{09A4EE77-185E-414D-B848-16196C34DCB0} = {CAD420DE-71B6-4AAE-926A-03AE5E81B0D9}
		{035902F7-8A0B-476B-84B5-57BB7A22305B} = {F576CA6E-4D42-44DF-849B-02F70571160D}
		{1E20079D-E87C-4409-A542-E8ABC71927BE} = {F576CA6E-4D42-44DF-849B-02F70571160D}
		{88AD1AE4-7457-4876-A337-7C15A62CD0C7} = {C69C24E5-D0D1-4FFF-82FC-0F01D8EDAD6C}
		{BC796B37-1FFF-44F0-A4AA-6F40016B6C8D} = {88AD1AE4-7457-4876-A337-7C15A62CD0C7}
		{6E70B9FF-968F-492E-84C0-C08023279B3F} = {88AD1AE4-7457-4876-A337-7C15A62CD0C7}
		{D732EDB5-A742-436F-A4F2-138324D91B1C} = {88AD1AE4-7457-4876-A337-7C15A62CD0C7}
		{732DA3DE-1E1A-42DB-8703-884D06C201E5} = {88AD1AE4-7457-4876-A337-7C15A62CD0C7}
		{88426D4A-A482-4A9D-BD2D-457BE05DF45C} = {C69C24E5-D0D1-4FFF-82FC-0F01D8EDAD6C}
		{1D2AED6A-7AD5-4284-B794-C4E8A2E73E6A} = {88426D4A-A482-4A9D-BD2D-457BE05DF45C}
		{6EC824BC-7CA4-4DA3-851B-AD5F1687FAAE} = {88426D4A-A482-4A9D-BD2D-457BE05DF45C}
		{5E8085C2-6003-4AD8-B0A5-7EAF74139DA6} = {88426D4A-A482-4A9D-BD2D-457BE05DF45C}
		{07467A27-360F-4FC5-BB93-404924411B60} = {88426D4A-A482-4A9D-BD2D-457BE05DF45C}
	EndGlobalSection
	GlobalSection(ExtensibilityGlobals) = postSolution
		SolutionGuid = {24909DF4-8D8B-437C-8BDA-F3652BDBE08A}
	EndGlobalSection
EndGlobal
