
Microsoft Visual Studio Solution File, Format Version 12.00
# Visual Studio Version 17
VisualStudioVersion = 17.0.31903.59
MinimumVisualStudioVersion = 10.0.40219.1
Project("{2150E333-8FDC-42A3-9474-1A3956D46DE8}") = "src", "src", "{10CB56E4-BD7C-4CE9-AD26-68D2FDE5009D}"
EndProject
Project("{2150E333-8FDC-42A3-9474-1A3956D46DE8}") = "Services", "Services", "{C69C24E5-D0D1-4FFF-82FC-0F01D8EDAD6C}"
EndProject
Project("{2150E333-8FDC-42A3-9474-1A3956D46DE8}") = "Identity", "Identity", "{266E4D27-5497-4BAE-B4BE-D9D2E12E7E34}"
EndProject
Project("{9A19103F-16F7-4668-BE54-9A1E7A4F7556}") = "Identity", "Services\Identity\Identity.csproj", "{25E2BBE5-F90A-49EE-A1F1-5233838DB4AE}"
EndProject
Global
	GlobalSection(SolutionConfigurationPlatforms) = preSolution
		Debug|Any CPU = Debug|Any CPU
		Release|Any CPU = Release|Any CPU
	EndGlobalSection
	GlobalSection(ProjectConfigurationPlatforms) = postSolution
		{25E2BBE5-F90A-49EE-A1F1-5233838DB4AE}.Debug|Any CPU.ActiveCfg = Debug|Any CPU
		{25E2BBE5-F90A-49EE-A1F1-5233838DB4AE}.Debug|Any CPU.Build.0 = Debug|Any CPU
		{25E2BBE5-F90A-49EE-A1F1-5233838DB4AE}.Release|Any CPU.ActiveCfg = Release|Any CPU
		{25E2BBE5-F90A-49EE-A1F1-5233838DB4AE}.Release|Any CPU.Build.0 = Release|Any CPU
	EndGlobalSection
	GlobalSection(SolutionProperties) = preSolution
		HideSolutionNode = FALSE
	EndGlobalSection
	GlobalSection(NestedProjects) = preSolution
		{C69C24E5-D0D1-4FFF-82FC-0F01D8EDAD6C} = {10CB56E4-BD7C-4CE9-AD26-68D2FDE5009D}
		{266E4D27-5497-4BAE-B4BE-D9D2E12E7E34} = {C69C24E5-D0D1-4FFF-82FC-0F01D8EDAD6C}
		{25E2BBE5-F90A-49EE-A1F1-5233838DB4AE} = {266E4D27-5497-4BAE-B4BE-D9D2E12E7E34}
	EndGlobalSection
EndGlobal
